<?xml version="1.0" encoding="utf-8"?>
<Project ToolsVersion="4.0" xmlns="http://schemas.microsoft.com/developer/msbuild/2003">
  <ItemGroup>
    <Filter Include="Archivos de origen">
      <UniqueIdentifier>{4FC737F1-C7A5-4376-A066-2A32D752A2FF}</UniqueIdentifier>
      <Extensions>cpp;c;cc;cxx;c++;cppm;ixx;def;odl;idl;hpj;bat;asm;asmx</Extensions>
    </Filter>
    <Filter Include="Archivos de encabezado">
      <UniqueIdentifier>{93995380-89BD-4b04-88EB-625FBE52EBFB}</UniqueIdentifier>
      <Extensions>h;hh;hpp;hxx;h++;hm;inl;inc;ipp;xsd</Extensions>
    </Filter>
    <Filter Include="Archivos de recursos">
      <UniqueIdentifier>{67DA6AB6-F800-4c08-8B7A-83BB121AAD01}</UniqueIdentifier>
      <Extensions>rc;ico;cur;bmp;dlg;rc2;rct;bin;rgs;gif;jpg;jpeg;jpe;resx;tiff;tif;png;wav;mfcribbon-ms</Extensions>
    </Filter>
    <Filter Include="Archivos de encabezado\game">
      <UniqueIdentifier>{1daf9ac7-5e61-4f32-ae3c-5675f4b57a8e}</UniqueIdentifier>
    </Filter>
    <Filter Include="Archivos de encabezado\components">
      <UniqueIdentifier>{f5efb310-b5e3-4c6b-9faa-5dd6b816fc10}</UniqueIdentifier>
    </Filter>
    <Filter Include="Archivos de origen\components">
      <UniqueIdentifier>{f9383466-3178-4a95-8288-123352111bfa}</UniqueIdentifier>
    </Filter>
    <Filter Include="Archivos de origen\game">
      <UniqueIdentifier>{5cefa23f-6fbe-4671-91f9-2c000778db58}</UniqueIdentifier>
    </Filter>
  </ItemGroup>
  <ItemGroup>
    <ClCompile Include="scripts\main.cpp">
      <Filter>Archivos de origen</Filter>
    </ClCompile>
    <ClCompile Include="scripts\components\Component.cpp">
      <Filter>Archivos de origen\components</Filter>
    </ClCompile>
    <ClCompile Include="scripts\components\EntityComponent.cpp">
      <Filter>Archivos de origen\components</Filter>
    </ClCompile>
    <ClCompile Include="scripts\components\ItemComponent.cpp">
      <Filter>Archivos de origen\components</Filter>
    </ClCompile>
    <ClCompile Include="scripts\components\PlayerHealthComponent.cpp">
      <Filter>Archivos de origen\components</Filter>
    </ClCompile>
    <ClCompile Include="scripts\components\ItemUseComponent.cpp">
      <Filter>Archivos de origen\components</Filter>
    </ClCompile>
    <ClCompile Include="scripts\components\ItemPassiveComponent.cpp">
      <Filter>Archivos de origen\components</Filter>
    </ClCompile>
    <ClCompile Include="scripts\components\MovementComponent.cpp">
      <Filter>Archivos de origen\components</Filter>
    </ClCompile>
    <ClCompile Include="scripts\components\ColliderComponent.cpp">
      <Filter>Archivos de origen\components</Filter>
    </ClCompile>
    <ClCompile Include="scripts\components\RenderComponent.cpp">
      <Filter>Archivos de origen\components</Filter>
    </ClCompile>
    <ClCompile Include="scripts\components\EnemyComponent.cpp">
      <Filter>Archivos de origen\components</Filter>
    </ClCompile>
    <ClCompile Include="scripts\components\EnemyBehaviourComponent.cpp">
      <Filter>Archivos de origen\components</Filter>
    </ClCompile>
    <ClCompile Include="scripts\components\EnemyAttackComponent.cpp">
      <Filter>Archivos de origen\components</Filter>
    </ClCompile>
    <ClCompile Include="scripts\components\EnemyDetectionComponent.cpp">
      <Filter>Archivos de origen\components</Filter>
    </ClCompile>
    <ClCompile Include="scripts\components\MeleeAtackComponent.cpp">
      <Filter>Archivos de origen\components</Filter>
    </ClCompile>
    <ClCompile Include="scripts\components\RangedAttackComponent.cpp">
      <Filter>Archivos de origen\components</Filter>
    </ClCompile>
    <ClCompile Include="scripts\components\RadialDetectionComponent.cpp">
      <Filter>Archivos de origen\components</Filter>
    </ClCompile>
    <ClCompile Include="scripts\components\LinearDetectionComponent.cpp">
      <Filter>Archivos de origen\components</Filter>
    </ClCompile>
    <ClCompile Include="scripts\components\HearingComponent.cpp">
      <Filter>Archivos de origen\components</Filter>
    </ClCompile>
    <ClCompile Include="scripts\components\SmellComponent.cpp">
      <Filter>Archivos de origen\components</Filter>
    </ClCompile>
    <ClCompile Include="scripts\game\Game.cpp">
      <Filter>Archivos de origen\game</Filter>
    </ClCompile>
    <ClCompile Include="scripts\game\GameScene.cpp">
      <Filter>Archivos de origen\game</Filter>
    </ClCompile>
    <ClCompile Include="scripts\game\ShelterScene.cpp">
      <Filter>Archivos de origen\game</Filter>
    </ClCompile>
    <ClCompile Include="scripts\game\MenuScene.cpp">
      <Filter>Archivos de origen\game</Filter>
    </ClCompile>
    <ClCompile Include="scripts\components\SpriteRenderer.cpp">
      <Filter>Archivos de origen\components</Filter>
    </ClCompile>
    <ClCompile Include="scripts\game\GameObject.cpp">
      <Filter>Archivos de origen\game</Filter>
    </ClCompile>
    <ClCompile Include="scripts\components\EventHandler.cpp">
      <Filter>Archivos de origen\components</Filter>
    </ClCompile>
    <ClCompile Include="scripts\game\PhysicsObject.cpp">
      <Filter>Archivos de origen\game</Filter>
    </ClCompile>
    <ClCompile Include="scripts\game\Entity.cpp">
      <Filter>Archivos de origen</Filter>
    </ClCompile>
  </ItemGroup>
  <ItemGroup>
    <ClInclude Include="scripts\components\Component.h">
      <Filter>Archivos de encabezado\components</Filter>
    </ClInclude>
    <ClInclude Include="scripts\components\EntityComponent.h">
      <Filter>Archivos de encabezado\components</Filter>
    </ClInclude>
    <ClInclude Include="scripts\components\ItemComponent.h">
      <Filter>Archivos de encabezado\components</Filter>
    </ClInclude>
    <ClInclude Include="scripts\components\PlayerHealthComponent.h">
      <Filter>Archivos de encabezado\components</Filter>
    </ClInclude>
    <ClInclude Include="scripts\components\ItemUseComponent.h">
      <Filter>Archivos de encabezado\components</Filter>
    </ClInclude>
    <ClInclude Include="scripts\components\ItemPassiveComponent.h">
      <Filter>Archivos de encabezado\components</Filter>
    </ClInclude>
    <ClInclude Include="scripts\components\MovementComponent.h">
      <Filter>Archivos de encabezado\components</Filter>
    </ClInclude>
    <ClInclude Include="scripts\components\ColliderComponent.h">
      <Filter>Archivos de encabezado\components</Filter>
    </ClInclude>
    <ClInclude Include="scripts\components\RenderComponent.h">
      <Filter>Archivos de encabezado\components</Filter>
    </ClInclude>
    <ClInclude Include="scripts\components\EnemyComponent.h">
      <Filter>Archivos de encabezado\components</Filter>
    </ClInclude>
    <ClInclude Include="scripts\components\EnemyBehaviourComponent.h">
      <Filter>Archivos de encabezado\components</Filter>
    </ClInclude>
    <ClInclude Include="scripts\components\EnemyAttackComponent.h">
      <Filter>Archivos de encabezado\components</Filter>
    </ClInclude>
    <ClInclude Include="scripts\components\EnemyDetectionComponent.h">
      <Filter>Archivos de encabezado\components</Filter>
    </ClInclude>
    <ClInclude Include="scripts\components\MeleeAtackComponent.h">
      <Filter>Archivos de encabezado\components</Filter>
    </ClInclude>
    <ClInclude Include="scripts\components\RangedAttackComponent.h">
      <Filter>Archivos de encabezado\components</Filter>
    </ClInclude>
    <ClInclude Include="scripts\components\RadialDetectionComponent.h">
      <Filter>Archivos de encabezado\components</Filter>
    </ClInclude>
    <ClInclude Include="scripts\components\LinearDetectionComponent.h">
      <Filter>Archivos de encabezado\components</Filter>
    </ClInclude>
    <ClInclude Include="scripts\components\HearingComponent.h">
      <Filter>Archivos de encabezado\components</Filter>
    </ClInclude>
    <ClInclude Include="scripts\components\SmellComponent.h">
      <Filter>Archivos de encabezado\components</Filter>
    </ClInclude>
    <ClInclude Include="scripts\game\Game.h">
      <Filter>Archivos de encabezado\game</Filter>
    </ClInclude>
    <ClInclude Include="scripts\game\GameScene.h">
      <Filter>Archivos de encabezado\game</Filter>
    </ClInclude>
    <ClInclude Include="scripts\game\ShelterScene.h">
      <Filter>Archivos de encabezado\game</Filter>
    </ClInclude>
    <ClInclude Include="scripts\game\MenuScene.h">
      <Filter>Archivos de encabezado\game</Filter>
    </ClInclude>
    <ClInclude Include="scripts\components\SpriteRenderer.h">
      <Filter>Archivos de encabezado\components</Filter>
    </ClInclude>
    <ClInclude Include="scripts\components\EventHandler.h">
      <Filter>Archivos de encabezado\components</Filter>
    </ClInclude>
    <ClInclude Include="scripts\game\GameObject.h">
      <Filter>Archivos de encabezado\game</Filter>
    </ClInclude>
    <ClInclude Include="scripts\game\PhysicsObject.h">
      <Filter>Archivos de encabezado\game</Filter>
    </ClInclude>
    <ClInclude Include="scripts\game\Entity.h">
      <Filter>Archivos de encabezado</Filter>
    </ClInclude>
  </ItemGroup>
</Project>