<?xml version="1.0" encoding="utf-8"?>
<Project ToolsVersion="4.0" xmlns="http://schemas.microsoft.com/developer/msbuild/2003">
  <ItemGroup>
    <ClCompile Include="main.cpp" />
    <ClCompile Include="utils\Collisions.cpp">
      <Filter>Source Files\utils</Filter>
    </ClCompile>
    <ClCompile Include="game\countdown.cpp">
      <Filter>Source Files\classes</Filter>
    </ClCompile>
    <ClCompile Include="ecs\Entity.cpp">
      <Filter>Source Files\ecs</Filter>
    </ClCompile>
    <ClCompile Include="game\Game.cpp">
      <Filter>Source Files\classes</Filter>
    </ClCompile>
    <ClCompile Include="classes\game_character.cpp">
      <Filter>Source Files\classes</Filter>
    </ClCompile>
    <ClCompile Include="classes\game_entity.cpp">
      <Filter>Source Files\classes</Filter>
    </ClCompile>
    <ClCompile Include="classes\game_object.cpp">
      <Filter>Source Files\classes</Filter>
    </ClCompile>
    <ClCompile Include="json\JSON.cpp">
      <Filter>Source Files\json</Filter>
    </ClCompile>
    <ClCompile Include="json\JSONValue.cpp">
      <Filter>Source Files\json</Filter>
    </ClCompile>
    <ClCompile Include="components\KeyboardPlayerCtrl.cpp">
      <Filter>Source Files\components</Filter>
    </ClCompile>
    <ClCompile Include="ecs\Manager.cpp">
      <Filter>Source Files\ecs</Filter>
    </ClCompile>
    <ClCompile Include="classes\physiognomy.cpp">
      <Filter>Source Files\classes</Filter>
    </ClCompile>
    <ClCompile Include="sdlutils\RandomNumberGenerator.cpp">
      <Filter>Source Files\sdlutils</Filter>
    </ClCompile>
    <ClCompile Include="sdlutils\SDLUtils.cpp">
      <Filter>Source Files\sdlutils</Filter>
    </ClCompile>
    <ClCompile Include="sdlutils\sdlutils_demo.cpp">
      <Filter>Source Files\sdlutils</Filter>
    </ClCompile>
    <ClCompile Include="json\somplejson_demo.cpp">
      <Filter>Source Files\json</Filter>
    </ClCompile>
    <ClCompile Include="utils\Vector2D.cpp">
      <Filter>Source Files\utils</Filter>
    </ClCompile>
    <ClCompile Include="sdlutils\SoundEffect.cpp">
      <Filter>Source Files\sdlutils</Filter>
    </ClCompile>
    <ClCompile Include="sdlutils\Texture.cpp">
      <Filter>Source Files\sdlutils</Filter>
    </ClCompile>
    <ClCompile Include="components\GravityComponent.cpp">
      <Filter>Source Files\components</Filter>
    </ClCompile>
    <ClCompile Include="components\weapon_behaviour.cpp">
      <Filter>Source Files\components</Filter>
    </ClCompile>
    <ClCompile Include="classes\game_state_machine.cpp">
      <Filter>Source Files\classes</Filter>
    </ClCompile>
    <ClCompile Include="classes\raid_scene.cpp">
      <Filter>Source Files\classes</Filter>
    </ClCompile>
    <ClCompile Include="classes\game_scene.cpp">
      <Filter>Source Files\classes</Filter>
    </ClCompile>
    <ClCompile Include="classes\shelter_scene.cpp">
      <Filter>Source Files\classes</Filter>
    </ClCompile>
    <ClCompile Include="components\InventoryController.cpp">
      <Filter>Source Files\components</Filter>
    </ClCompile>
    <ClCompile Include="components\Inventory.cpp">
      <Filter>Source Files\components</Filter>
    </ClCompile>
    <ClCompile Include="classes\Item.cpp">
      <Filter>Source Files\classes</Filter>
    </ClCompile>
  </ItemGroup>
  <ItemGroup>
    <ClInclude Include="utils\Collisions.h">
      <Filter>Header Files\utils</Filter>
    </ClInclude>
    <ClInclude Include="ecs\Component.h">
      <Filter>Header Files\ecs</Filter>
    </ClInclude>
    <ClInclude Include="game\constant_variables.h">
      <Filter>Header Files\classes</Filter>
    </ClInclude>
    <ClInclude Include="game\countdown.h">
      <Filter>Header Files\classes</Filter>
    </ClInclude>
    <ClInclude Include="ecs\ecs.h">
      <Filter>Header Files\ecs</Filter>
    </ClInclude>
    <ClInclude Include="game\ecs_defs.h">
      <Filter>Header Files\ecs</Filter>
    </ClInclude>
    <ClInclude Include="ecs\ecs_defs_example.h">
      <Filter>Header Files\ecs</Filter>
    </ClInclude>
    <ClInclude Include="ecs\Entity.h">
      <Filter>Header Files\ecs</Filter>
    </ClInclude>
    <ClInclude Include="sdlutils\Font.h">
      <Filter>Header Files\sdlutils</Filter>
    </ClInclude>
    <ClInclude Include="game\Game.h">
      <Filter>Header Files\classes</Filter>
    </ClInclude>
    <ClInclude Include="classes\game_character.h">
      <Filter>Header Files\classes</Filter>
    </ClInclude>
    <ClInclude Include="classes\game_entity.h">
      <Filter>Header Files\classes</Filter>
    </ClInclude>
    <ClInclude Include="classes\game_object.h">
      <Filter>Header Files\classes</Filter>
    </ClInclude>
    <ClInclude Include="components\Image.h">
      <Filter>Header Files\components</Filter>
    </ClInclude>
    <ClInclude Include="sdlutils\InputHandler.h">
      <Filter>Header Files\sdlutils</Filter>
    </ClInclude>
    <ClInclude Include="json\JSON.h">
      <Filter>Header Files\json</Filter>
    </ClInclude>
    <ClInclude Include="json\JSONValue.h">
      <Filter>Header Files\json</Filter>
    </ClInclude>
    <ClInclude Include="components\KeyboardPlayerCtrl.h">
      <Filter>Header Files\components</Filter>
    </ClInclude>
    <ClInclude Include="sdlutils\macros.h">
      <Filter>Header Files\sdlutils</Filter>
    </ClInclude>
    <ClInclude Include="ecs\Manager.h">
      <Filter>Header Files\ecs</Filter>
    </ClInclude>
    <ClInclude Include="ecs\mpl.h">
      <Filter>Header Files\ecs</Filter>
    </ClInclude>
    <ClInclude Include="sdlutils\Music.h">
      <Filter>Header Files\sdlutils</Filter>
    </ClInclude>
    <ClInclude Include="classes\physiognomy.h">
      <Filter>Header Files\classes</Filter>
    </ClInclude>
    <ClInclude Include="components\player_animation.h">
      <Filter>Header Files\components</Filter>
    </ClInclude>
    <ClInclude Include="sdlutils\RandomNumberGenerator.h">
      <Filter>Header Files\sdlutils</Filter>
    </ClInclude>
    <ClInclude Include="sdlutils\SDLUtils.h">
      <Filter>Header Files\sdlutils</Filter>
    </ClInclude>
    <ClInclude Include="sdlutils\sdlutils_demo.h">
      <Filter>Header Files\sdlutils</Filter>
    </ClInclude>
    <ClInclude Include="json\simplejson_demo.h">
      <Filter>Header Files\json</Filter>
    </ClInclude>
    <ClInclude Include="utils\Singleton.h">
      <Filter>Header Files\utils</Filter>
    </ClInclude>
    <ClInclude Include="utils\Vector2D.h">
      <Filter>Header Files\utils</Filter>
    </ClInclude>
    <ClInclude Include="sdlutils\SoundEffect.h">
      <Filter>Header Files\sdlutils</Filter>
    </ClInclude>
    <ClInclude Include="sdlutils\Texture.h">
      <Filter>Header Files\sdlutils</Filter>
    </ClInclude>
    <ClInclude Include="components\Transform.h">
      <Filter>Header Files\components</Filter>
    </ClInclude>
    <ClInclude Include="sdlutils\VirtualTimer.h">
      <Filter>Header Files\sdlutils</Filter>
    </ClInclude>
    <ClInclude Include="components\GravityComponent.h">
      <Filter>Header Files\components</Filter>
    </ClInclude>
    <ClInclude Include="components\weapon_behaviour.h">
      <Filter>Header Files\components</Filter>
    </ClInclude>
    <ClInclude Include="classes\game_state_machine.h">
      <Filter>Header Files\classes</Filter>
    </ClInclude>
    <ClInclude Include="classes\raid_scene.h">
      <Filter>Header Files\classes</Filter>
    </ClInclude>
    <ClInclude Include="classes\game_scene.h">
      <Filter>Header Files\classes</Filter>
    </ClInclude>
    <ClInclude Include="classes\shelter_scene.h">
      <Filter>Header Files\classes</Filter>
    </ClInclude>
    <ClInclude Include="game\checkML.h">
      <Filter>Header Files\classes</Filter>
    </ClInclude>
    <ClInclude Include="components\InventoryController.h">
      <Filter>Header Files\components</Filter>
    </ClInclude>
    <ClInclude Include="components\Inventory.h">
      <Filter>Header Files\components</Filter>
    </ClInclude>
    <ClInclude Include="classes\Item.h">
      <Filter>Header Files\classes</Filter>
    </ClInclude>
  </ItemGroup>
  <ItemGroup>
    <Filter Include="Header Files">
      <UniqueIdentifier>{39cfaae8-e69f-47b8-86d5-89485957e3a7}</UniqueIdentifier>
    </Filter>
    <Filter Include="Resource Files">
      <UniqueIdentifier>{a5b9fea4-1087-4ad9-8b13-86632e01c175}</UniqueIdentifier>
    </Filter>
    <Filter Include="Source Files">
      <UniqueIdentifier>{63d193a4-1c24-4392-b528-7efcf05e3477}</UniqueIdentifier>
    </Filter>
    <Filter Include="Header Files\components">
      <UniqueIdentifier>{3b47c65d-1f3b-4028-9424-c532d50350d1}</UniqueIdentifier>
    </Filter>
    <Filter Include="Header Files\ecs">
      <UniqueIdentifier>{ef680165-d348-4acf-bb73-b13438b688dd}</UniqueIdentifier>
    </Filter>
    <Filter Include="Header Files\json">
      <UniqueIdentifier>{0a48cc24-ddfa-4221-99ca-8f4163843863}</UniqueIdentifier>
    </Filter>
    <Filter Include="Header Files\sdlutils">
      <UniqueIdentifier>{f38f0bf8-9d94-42ff-9680-48f847d5be6b}</UniqueIdentifier>
    </Filter>
    <Filter Include="Header Files\utils">
      <UniqueIdentifier>{7b5b0537-21e9-4e45-9a2d-d7cae64f27a0}</UniqueIdentifier>
    </Filter>
    <Filter Include="Source Files\components">
      <UniqueIdentifier>{d9cb88f3-843a-47db-a98c-0c0f0f49938e}</UniqueIdentifier>
    </Filter>
    <Filter Include="Source Files\ecs">
      <UniqueIdentifier>{c8b09ecb-518c-4304-9c55-dff98aad136e}</UniqueIdentifier>
    </Filter>
    <Filter Include="Source Files\json">
      <UniqueIdentifier>{846a30e6-01b2-48af-9629-1c18574fa893}</UniqueIdentifier>
    </Filter>
    <Filter Include="Source Files\sdlutils">
      <UniqueIdentifier>{44e5ed1f-4be6-4324-baa0-87f73be6b50b}</UniqueIdentifier>
    </Filter>
    <Filter Include="Source Files\utils">
      <UniqueIdentifier>{7c11e3cc-0beb-4059-a4e6-b5fec0bbabcb}</UniqueIdentifier>
    </Filter>
    <Filter Include="Header Files\classes">
      <UniqueIdentifier>{04bfa732-f3bf-4b7a-b4f4-3bb54ad36228}</UniqueIdentifier>
    </Filter>
    <Filter Include="Source Files\classes">
      <UniqueIdentifier>{5b0dc240-7768-4601-9e2a-ba93ef120f25}</UniqueIdentifier>
    </Filter>
  </ItemGroup>
</Project>