<?xml version="1.0" encoding="utf-8"?>
<Project ToolsVersion="4.0" xmlns="http://schemas.microsoft.com/developer/msbuild/2003">
  <ItemGroup>
    <Filter Include="Archivos de origen">
      <UniqueIdentifier>{4FC737F1-C7A5-4376-A066-2A32D752A2FF}</UniqueIdentifier>
      <Extensions>cpp;c;cc;cxx;c++;cppm;ixx;def;odl;idl;hpj;bat;asm;asmx</Extensions>
    </Filter>
    <Filter Include="Archivos de encabezado">
      <UniqueIdentifier>{93995380-89BD-4b04-88EB-625FBE52EBFB}</UniqueIdentifier>
      <Extensions>h;hh;hpp;hxx;h++;hm;inl;inc;ipp;xsd</Extensions>
    </Filter>
    <Filter Include="Archivos de recursos">
      <UniqueIdentifier>{67DA6AB6-F800-4c08-8B7A-83BB121AAD01}</UniqueIdentifier>
      <Extensions>rc;ico;cur;bmp;dlg;rc2;rct;bin;rgs;gif;jpg;jpeg;jpe;resx;tiff;tif;png;wav;mfcribbon-ms</Extensions>
    </Filter>
    <Filter Include="Archivos de encabezado\components">
      <UniqueIdentifier>{fc28ad1e-a8a7-4b2b-9ac3-357c27fc75b2}</UniqueIdentifier>
    </Filter>
    <Filter Include="Archivos de encabezado\ecs">
      <UniqueIdentifier>{ab89bc97-6d7a-4d3a-9b7f-1e1241de11f1}</UniqueIdentifier>
    </Filter>
    <Filter Include="Archivos de encabezado\game">
      <UniqueIdentifier>{3dbcaa49-855b-4ea3-a2bb-1779b5363dc0}</UniqueIdentifier>
    </Filter>
    <Filter Include="Archivos de encabezado\json">
      <UniqueIdentifier>{62b9b932-d2d4-4455-86ba-aa9946868e81}</UniqueIdentifier>
    </Filter>
    <Filter Include="Archivos de encabezado\sdlutils">
      <UniqueIdentifier>{b25a9e95-e8fe-450c-861e-083f5f34d962}</UniqueIdentifier>
    </Filter>
    <Filter Include="Archivos de encabezado\utils">
      <UniqueIdentifier>{fc0bbff0-e5be-4d3d-b353-7516768e5bd4}</UniqueIdentifier>
    </Filter>
    <Filter Include="Archivos de recursos\components">
      <UniqueIdentifier>{85cb028a-bcde-44eb-a7b1-d333a3270d1b}</UniqueIdentifier>
    </Filter>
    <Filter Include="Archivos de recursos\ecs">
      <UniqueIdentifier>{bd339365-a731-4cc7-a8a3-b036dd0b873a}</UniqueIdentifier>
    </Filter>
    <Filter Include="Archivos de recursos\game">
      <UniqueIdentifier>{1f1c9d4b-fd5e-416a-988a-9163af22b1dc}</UniqueIdentifier>
    </Filter>
    <Filter Include="Archivos de recursos\json">
      <UniqueIdentifier>{531baeee-1f59-4d79-b884-3623cf55f79e}</UniqueIdentifier>
    </Filter>
    <Filter Include="Archivos de recursos\sdlutils">
      <UniqueIdentifier>{1713c036-bfb7-4e42-b29d-f887f505c71c}</UniqueIdentifier>
    </Filter>
    <Filter Include="Archivos de recursos\utils">
      <UniqueIdentifier>{3b4bed19-4679-45f3-a31c-f04cf1400ee3}</UniqueIdentifier>
    </Filter>
    <Filter Include="Archivos de encabezado\classes">
      <UniqueIdentifier>{3a873376-41c4-47ab-a5e8-5f88ab546c76}</UniqueIdentifier>
    </Filter>
    <Filter Include="Archivos de origen\classes">
      <UniqueIdentifier>{5cbc25c2-d807-4117-9037-728f518c12a4}</UniqueIdentifier>
    </Filter>
  </ItemGroup>
  <ItemGroup>
    <ClInclude Include="components\Image.h">
      <Filter>Archivos de encabezado\components</Filter>
    </ClInclude>
    <ClInclude Include="components\Transform.h">
      <Filter>Archivos de encabezado\components</Filter>
    </ClInclude>
    <ClInclude Include="ecs\Component.h">
      <Filter>Archivos de encabezado\ecs</Filter>
    </ClInclude>
    <ClInclude Include="ecs\ecs.h">
      <Filter>Archivos de encabezado\ecs</Filter>
    </ClInclude>
    <ClInclude Include="ecs\ecs_defs_example.h">
      <Filter>Archivos de encabezado\ecs</Filter>
    </ClInclude>
    <ClInclude Include="ecs\Entity.h">
      <Filter>Archivos de encabezado\ecs</Filter>
    </ClInclude>
    <ClInclude Include="ecs\Manager.h">
      <Filter>Archivos de encabezado\ecs</Filter>
    </ClInclude>
    <ClInclude Include="ecs\mpl.h">
      <Filter>Archivos de encabezado\ecs</Filter>
    </ClInclude>
    <ClInclude Include="game\ecs_defs.h">
      <Filter>Archivos de encabezado\game</Filter>
    </ClInclude>
    <ClInclude Include="game\Game.h">
      <Filter>Archivos de encabezado\game</Filter>
    </ClInclude>
    <ClInclude Include="json\JSON.h">
      <Filter>Archivos de encabezado\json</Filter>
    </ClInclude>
    <ClInclude Include="json\JSONValue.h">
      <Filter>Archivos de encabezado\json</Filter>
    </ClInclude>
    <ClInclude Include="json\simplejson_demo.h">
      <Filter>Archivos de encabezado\json</Filter>
    </ClInclude>
    <ClInclude Include="utils\Collisions.h">
      <Filter>Archivos de encabezado\utils</Filter>
    </ClInclude>
    <ClInclude Include="utils\Singleton.h">
      <Filter>Archivos de encabezado\utils</Filter>
    </ClInclude>
    <ClInclude Include="utils\Vector2D.h">
      <Filter>Archivos de encabezado\utils</Filter>
    </ClInclude>
    <ClInclude Include="sdlutils\Font.h">
      <Filter>Archivos de encabezado\sdlutils</Filter>
    </ClInclude>
    <ClInclude Include="sdlutils\InputHandler.h">
      <Filter>Archivos de encabezado\sdlutils</Filter>
    </ClInclude>
    <ClInclude Include="sdlutils\macros.h">
      <Filter>Archivos de encabezado\sdlutils</Filter>
    </ClInclude>
    <ClInclude Include="sdlutils\Music.h">
      <Filter>Archivos de encabezado\sdlutils</Filter>
    </ClInclude>
    <ClInclude Include="sdlutils\RandomNumberGenerator.h">
      <Filter>Archivos de encabezado\sdlutils</Filter>
    </ClInclude>
    <ClInclude Include="sdlutils\SDLUtils.h">
      <Filter>Archivos de encabezado\sdlutils</Filter>
    </ClInclude>
    <ClInclude Include="sdlutils\sdlutils_demo.h">
      <Filter>Archivos de encabezado\sdlutils</Filter>
    </ClInclude>
    <ClInclude Include="sdlutils\SoundEffect.h">
      <Filter>Archivos de encabezado\sdlutils</Filter>
    </ClInclude>
    <ClInclude Include="sdlutils\Texture.h">
      <Filter>Archivos de encabezado\sdlutils</Filter>
    </ClInclude>
    <ClInclude Include="sdlutils\VirtualTimer.h">
      <Filter>Archivos de encabezado\sdlutils</Filter>
    </ClInclude>
    <ClInclude Include="components\GravityComponent.h">
      <Filter>Archivos de encabezado\components</Filter>
    </ClInclude>
    <ClInclude Include="components\KeyboardPlayerCtrl.h">
      <Filter>Archivos de encabezado\components</Filter>
    </ClInclude>
    <ClInclude Include="classes\game_entity.h">
      <Filter>Archivos de encabezado\classes</Filter>
    </ClInclude>
    <ClInclude Include="classes\game_object.h">
      <Filter>Archivos de encabezado\classes</Filter>
    </ClInclude>
    <ClInclude Include="classes\game_character.h">
      <Filter>Archivos de encabezado</Filter>
    </ClInclude>
    <ClInclude Include="game\countdown.h">
      <Filter>Archivos de encabezado\game</Filter>
    </ClInclude>
    <ClInclude Include="game\constant_variables.h">
      <Filter>Archivos de encabezado\game</Filter>
    </ClInclude>
    <ClInclude Include="components\player_animation.h">
      <Filter>Archivos de encabezado\components</Filter>
    </ClInclude>
  </ItemGroup>
  <ItemGroup>
    <ClCompile Include="ecs\Entity.cpp">
      <Filter>Archivos de recursos\ecs</Filter>
    </ClCompile>
    <ClCompile Include="ecs\Manager.cpp">
      <Filter>Archivos de recursos\ecs</Filter>
    </ClCompile>
    <ClCompile Include="game\Game.cpp">
      <Filter>Archivos de recursos\game</Filter>
    </ClCompile>
    <ClCompile Include="json\JSON.cpp">
      <Filter>Archivos de recursos\json</Filter>
    </ClCompile>
    <ClCompile Include="json\JSONValue.cpp">
      <Filter>Archivos de recursos\json</Filter>
    </ClCompile>
    <ClCompile Include="json\somplejson_demo.cpp">
      <Filter>Archivos de recursos\json</Filter>
    </ClCompile>
    <ClCompile Include="utils\Collisions.cpp">
      <Filter>Archivos de recursos\utils</Filter>
    </ClCompile>
    <ClCompile Include="utils\Vector2D.cpp">
      <Filter>Archivos de recursos\utils</Filter>
    </ClCompile>
    <ClCompile Include="sdlutils\RandomNumberGenerator.cpp">
      <Filter>Archivos de recursos\sdlutils</Filter>
    </ClCompile>
    <ClCompile Include="sdlutils\SDLUtils.cpp">
      <Filter>Archivos de recursos\sdlutils</Filter>
    </ClCompile>
    <ClCompile Include="sdlutils\sdlutils_demo.cpp">
      <Filter>Archivos de recursos\sdlutils</Filter>
    </ClCompile>
    <ClCompile Include="sdlutils\SoundEffect.cpp">
      <Filter>Archivos de recursos\sdlutils</Filter>
    </ClCompile>
    <ClCompile Include="sdlutils\Texture.cpp">
      <Filter>Archivos de recursos\sdlutils</Filter>
    </ClCompile>
    <ClCompile Include="main.cpp">
      <Filter>Archivos de recursos</Filter>
    </ClCompile>
    <ClCompile Include="components\GravityComponent.cpp">
      <Filter>Archivos de recursos\components</Filter>
    </ClCompile>
    <ClCompile Include="components\KeyboardPlayerCtrl.cpp">
      <Filter>Archivos de recursos\components</Filter>
    </ClCompile>
    <ClCompile Include="classes\game_entity.cpp">
      <Filter>Archivos de origen\classes</Filter>
    </ClCompile>
    <ClCompile Include="classes\game_object.cpp">
      <Filter>Archivos de origen\classes</Filter>
    </ClCompile>
    <ClCompile Include="classes\game_character.cpp">
      <Filter>Archivos de origen</Filter>
    </ClCompile>
    <ClCompile Include="game\countdown.cpp">
      <Filter>Archivos de recursos\game</Filter>
    </ClCompile>
  </ItemGroup>
</Project>